
Microsoft Visual Studio Solution File, Format Version 12.00
# Visual Studio 15
VisualStudioVersion = 15.0.27004.2010
MinimumVisualStudioVersion = 10.0.40219.1
Project("{FAE04EC0-301F-11D3-BF4B-00C04F79EFBC}") = "PLWPF", "PLWPF\PLWPF.csproj", "{E091806B-C41B-4F94-9F86-493C165874F5}"
EndProject
Project("{FAE04EC0-301F-11D3-BF4B-00C04F79EFBC}") = "BE", "BE\BE.csproj", "{5FA1B964-5C0C-417E-BB8E-DC46C0A4B4F4}"
EndProject
Project("{FAE04EC0-301F-11D3-BF4B-00C04F79EFBC}") = "DAL", "DAL\DAL.csproj", "{FBA0C5EF-BFA8-489E-B127-5ADE46BE4EF8}"
EndProject
Project("{FAE04EC0-301F-11D3-BF4B-00C04F79EFBC}") = "BL", "BL\BL.csproj", "{55EF5DCB-0B3A-48D4-B543-3B6BC04B7C8B}"
EndProject
Project("{FAE04EC0-301F-11D3-BF4B-00C04F79EFBC}") = "DS", "DS\DS.csproj", "{1CF214D4-2A78-4A7E-983B-B8670DD0A600}"
EndProject
Global
	GlobalSection(SolutionConfigurationPlatforms) = preSolution
		Debug|Any CPU = Debug|Any CPU
		Release|Any CPU = Release|Any CPU
	EndGlobalSection
	GlobalSection(ProjectConfigurationPlatforms) = postSolution
		{E091806B-C41B-4F94-9F86-493C165874F5}.Debug|Any CPU.ActiveCfg = Debug|Any CPU
		{E091806B-C41B-4F94-9F86-493C165874F5}.Debug|Any CPU.Build.0 = Debug|Any CPU
		{E091806B-C41B-4F94-9F86-493C165874F5}.Release|Any CPU.ActiveCfg = Release|Any CPU
		{E091806B-C41B-4F94-9F86-493C165874F5}.Release|Any CPU.Build.0 = Release|Any CPU
		{5FA1B964-5C0C-417E-BB8E-DC46C0A4B4F4}.Debug|Any CPU.ActiveCfg = Debug|Any CPU
		{5FA1B964-5C0C-417E-BB8E-DC46C0A4B4F4}.Debug|Any CPU.Build.0 = Debug|Any CPU
		{5FA1B964-5C0C-417E-BB8E-DC46C0A4B4F4}.Release|Any CPU.ActiveCfg = Release|Any CPU
		{5FA1B964-5C0C-417E-BB8E-DC46C0A4B4F4}.Release|Any CPU.Build.0 = Release|Any CPU
		{FBA0C5EF-BFA8-489E-B127-5ADE46BE4EF8}.Debug|Any CPU.ActiveCfg = Debug|Any CPU
		{FBA0C5EF-BFA8-489E-B127-5ADE46BE4EF8}.Debug|Any CPU.Build.0 = Debug|Any CPU
		{FBA0C5EF-BFA8-489E-B127-5ADE46BE4EF8}.Release|Any CPU.ActiveCfg = Release|Any CPU
		{FBA0C5EF-BFA8-489E-B127-5ADE46BE4EF8}.Release|Any CPU.Build.0 = Release|Any CPU
		{55EF5DCB-0B3A-48D4-B543-3B6BC04B7C8B}.Debug|Any CPU.ActiveCfg = Debug|Any CPU
		{55EF5DCB-0B3A-48D4-B543-3B6BC04B7C8B}.Debug|Any CPU.Build.0 = Debug|Any CPU
		{55EF5DCB-0B3A-48D4-B543-3B6BC04B7C8B}.Release|Any CPU.ActiveCfg = Release|Any CPU
		{55EF5DCB-0B3A-48D4-B543-3B6BC04B7C8B}.Release|Any CPU.Build.0 = Release|Any CPU
		{1CF214D4-2A78-4A7E-983B-B8670DD0A600}.Debug|Any CPU.ActiveCfg = Debug|Any CPU
		{1CF214D4-2A78-4A7E-983B-B8670DD0A600}.Debug|Any CPU.Build.0 = Debug|Any CPU
		{1CF214D4-2A78-4A7E-983B-B8670DD0A600}.Release|Any CPU.ActiveCfg = Release|Any CPU
		{1CF214D4-2A78-4A7E-983B-B8670DD0A600}.Release|Any CPU.Build.0 = Release|Any CPU
	EndGlobalSection
	GlobalSection(SolutionProperties) = preSolution
		HideSolutionNode = FALSE
	EndGlobalSection
	GlobalSection(ExtensibilityGlobals) = postSolution
		SolutionGuid = {2DD567E4-4614-4030-9767-303A606E7A79}
	EndGlobalSection
EndGlobal
